
Microsoft Visual Studio Solution File, Format Version 12.00
# Visual Studio Version 17
VisualStudioVersion = 17.9.34902.65
MinimumVisualStudioVersion = 10.0.40219.1
Project("{FAE04EC0-301F-11D3-BF4B-00C04F79EFBC}") = "EnterpriseManagement2", "EnterpriseManagement2\EnterpriseManagement2.csproj", "{B5D584E0-1C03-4E42-92D9-640612D1494B}"
EndProject
Global
	GlobalSection(SolutionConfigurationPlatforms) = preSolution
		Debug|Any CPU = Debug|Any CPU
		Release|Any CPU = Release|Any CPU
	EndGlobalSection
	GlobalSection(ProjectConfigurationPlatforms) = postSolution
		{B5D584E0-1C03-4E42-92D9-640612D1494B}.Debug|Any CPU.ActiveCfg = Debug|Any CPU
		{B5D584E0-1C03-4E42-92D9-640612D1494B}.Debug|Any CPU.Build.0 = Debug|Any CPU
		{B5D584E0-1C03-4E42-92D9-640612D1494B}.Release|Any CPU.ActiveCfg = Release|Any CPU
		{B5D584E0-1C03-4E42-92D9-640612D1494B}.Release|Any CPU.Build.0 = Release|Any CPU
	EndGlobalSection
	GlobalSection(SolutionProperties) = preSolution
		HideSolutionNode = FALSE
	EndGlobalSection
	GlobalSection(ExtensibilityGlobals) = postSolution
		SolutionGuid = {C58E3622-8614-4D31-8BB9-6D1068F328E1}
	EndGlobalSection
EndGlobal
